
Microsoft Visual Studio Solution File, Format Version 12.00
# Visual Studio Version 16
VisualStudioVersion = 16.0.29215.179
MinimumVisualStudioVersion = 10.0.40219.1
Project("{FAE04EC0-301F-11D3-BF4B-00C04F79EFBC}") = "1", "1\1.csproj", "{6AE16522-39B5-46E6-917A-6B23001C1036}"
EndProject
Global
	GlobalSection(SolutionConfigurationPlatforms) = preSolution
		Debug|Any CPU = Debug|Any CPU
		Release|Any CPU = Release|Any CPU
	EndGlobalSection
	GlobalSection(ProjectConfigurationPlatforms) = postSolution
		{6AE16522-39B5-46E6-917A-6B23001C1036}.Debug|Any CPU.ActiveCfg = Debug|Any CPU
		{6AE16522-39B5-46E6-917A-6B23001C1036}.Debug|Any CPU.Build.0 = Debug|Any CPU
		{6AE16522-39B5-46E6-917A-6B23001C1036}.Release|Any CPU.ActiveCfg = Release|Any CPU
		{6AE16522-39B5-46E6-917A-6B23001C1036}.Release|Any CPU.Build.0 = Release|Any CPU
	EndGlobalSection
	GlobalSection(SolutionProperties) = preSolution
		HideSolutionNode = FALSE
	EndGlobalSection
	GlobalSection(ExtensibilityGlobals) = postSolution
		SolutionGuid = {C8842047-5427-4493-9F1E-1A7B1D2A25AF}
	EndGlobalSection
EndGlobal
